
Microsoft Visual Studio Solution File, Format Version 12.00
# Visual Studio Version 17
VisualStudioVersion = 17.0.31903.59
MinimumVisualStudioVersion = 10.0.40219.1
Project("{2150E333-8FDC-42A3-9474-1A3956D46DE8}") = "Simple", "Simple", "{158EAD96-AA7D-3E83-3B1C-9082B42BE045}"
EndProject
Project("{FAE04EC0-301F-11D3-BF4B-00C04F79EFBC}") = "simple", "Simple\simple.csproj", "{EDF0E48E-9F55-45A2-885A-26BA942B8D11}"
EndProject
Project("{FAE04EC0-301F-11D3-BF4B-00C04F79EFBC}") = "Doqua", "..\Sources\Doqua.csproj", "{66785496-08C8-4C51-9D9D-D3516F1C8297}"
EndProject
Project("{2150E333-8FDC-42A3-9474-1A3956D46DE8}") = "Bitmap", "Bitmap", "{6E43DA31-17B4-3723-0A39-7625B9674A06}"
EndProject
Project("{FAE04EC0-301F-11D3-BF4B-00C04F79EFBC}") = "bitmap", "Bitmap\bitmap.csproj", "{C595393D-3216-49C5-B4DC-9C30F07DD3F7}"
EndProject
Project("{2150E333-8FDC-42A3-9474-1A3956D46DE8}") = "Clock", "Clock", "{D811D6FF-1FE5-AB4E-9D44-0EA0CFE198F7}"
EndProject
Project("{FAE04EC0-301F-11D3-BF4B-00C04F79EFBC}") = "clock", "Clock\clock.csproj", "{BE48E7BB-8963-4026-8345-57A3E4E9F6FC}"
EndProject
Project("{2150E333-8FDC-42A3-9474-1A3956D46DE8}") = "Tabs", "Tabs", "{102AB35D-1049-FEF3-EB91-478B400F09A6}"
EndProject
Project("{FAE04EC0-301F-11D3-BF4B-00C04F79EFBC}") = "tabs", "Tabs\tabs.csproj", "{E4C88A11-DB0C-483E-B413-EBC063D1461E}"
EndProject
Project("{2150E333-8FDC-42A3-9474-1A3956D46DE8}") = "Editor", "Editor", "{28251423-8E50-9DF4-F913-DC1FAAA673F1}"
EndProject
Project("{FAE04EC0-301F-11D3-BF4B-00C04F79EFBC}") = "editor", "Editor\editor.csproj", "{4BB73526-0A3D-4178-ADFB-BC548481BA39}"
EndProject
Global
	GlobalSection(SolutionConfigurationPlatforms) = preSolution
		Debug|Any CPU = Debug|Any CPU
		Debug|x64 = Debug|x64
		Debug|x86 = Debug|x86
		Release|Any CPU = Release|Any CPU
		Release|x64 = Release|x64
		Release|x86 = Release|x86
	EndGlobalSection
	GlobalSection(ProjectConfigurationPlatforms) = postSolution
		{EDF0E48E-9F55-45A2-885A-26BA942B8D11}.Debug|Any CPU.ActiveCfg = Debug|Any CPU
		{EDF0E48E-9F55-45A2-885A-26BA942B8D11}.Debug|Any CPU.Build.0 = Debug|Any CPU
		{EDF0E48E-9F55-45A2-885A-26BA942B8D11}.Debug|x64.ActiveCfg = Debug|Any CPU
		{EDF0E48E-9F55-45A2-885A-26BA942B8D11}.Debug|x64.Build.0 = Debug|Any CPU
		{EDF0E48E-9F55-45A2-885A-26BA942B8D11}.Debug|x86.ActiveCfg = Debug|Any CPU
		{EDF0E48E-9F55-45A2-885A-26BA942B8D11}.Debug|x86.Build.0 = Debug|Any CPU
		{EDF0E48E-9F55-45A2-885A-26BA942B8D11}.Release|Any CPU.ActiveCfg = Release|Any CPU
		{EDF0E48E-9F55-45A2-885A-26BA942B8D11}.Release|Any CPU.Build.0 = Release|Any CPU
		{EDF0E48E-9F55-45A2-885A-26BA942B8D11}.Release|x64.ActiveCfg = Release|Any CPU
		{EDF0E48E-9F55-45A2-885A-26BA942B8D11}.Release|x64.Build.0 = Release|Any CPU
		{EDF0E48E-9F55-45A2-885A-26BA942B8D11}.Release|x86.ActiveCfg = Release|Any CPU
		{EDF0E48E-9F55-45A2-885A-26BA942B8D11}.Release|x86.Build.0 = Release|Any CPU
		{66785496-08C8-4C51-9D9D-D3516F1C8297}.Debug|Any CPU.ActiveCfg = Debug|Any CPU
		{66785496-08C8-4C51-9D9D-D3516F1C8297}.Debug|Any CPU.Build.0 = Debug|Any CPU
		{66785496-08C8-4C51-9D9D-D3516F1C8297}.Debug|x64.ActiveCfg = Debug|Any CPU
		{66785496-08C8-4C51-9D9D-D3516F1C8297}.Debug|x64.Build.0 = Debug|Any CPU
		{66785496-08C8-4C51-9D9D-D3516F1C8297}.Debug|x86.ActiveCfg = Debug|Any CPU
		{66785496-08C8-4C51-9D9D-D3516F1C8297}.Debug|x86.Build.0 = Debug|Any CPU
		{66785496-08C8-4C51-9D9D-D3516F1C8297}.Release|Any CPU.ActiveCfg = Release|Any CPU
		{66785496-08C8-4C51-9D9D-D3516F1C8297}.Release|Any CPU.Build.0 = Release|Any CPU
		{66785496-08C8-4C51-9D9D-D3516F1C8297}.Release|x64.ActiveCfg = Release|Any CPU
		{66785496-08C8-4C51-9D9D-D3516F1C8297}.Release|x64.Build.0 = Release|Any CPU
		{66785496-08C8-4C51-9D9D-D3516F1C8297}.Release|x86.ActiveCfg = Release|Any CPU
		{66785496-08C8-4C51-9D9D-D3516F1C8297}.Release|x86.Build.0 = Release|Any CPU
		{C595393D-3216-49C5-B4DC-9C30F07DD3F7}.Debug|Any CPU.ActiveCfg = Debug|Any CPU
		{C595393D-3216-49C5-B4DC-9C30F07DD3F7}.Debug|Any CPU.Build.0 = Debug|Any CPU
		{C595393D-3216-49C5-B4DC-9C30F07DD3F7}.Debug|x64.ActiveCfg = Debug|Any CPU
		{C595393D-3216-49C5-B4DC-9C30F07DD3F7}.Debug|x64.Build.0 = Debug|Any CPU
		{C595393D-3216-49C5-B4DC-9C30F07DD3F7}.Debug|x86.ActiveCfg = Debug|Any CPU
		{C595393D-3216-49C5-B4DC-9C30F07DD3F7}.Debug|x86.Build.0 = Debug|Any CPU
		{C595393D-3216-49C5-B4DC-9C30F07DD3F7}.Release|Any CPU.ActiveCfg = Release|Any CPU
		{C595393D-3216-49C5-B4DC-9C30F07DD3F7}.Release|Any CPU.Build.0 = Release|Any CPU
		{C595393D-3216-49C5-B4DC-9C30F07DD3F7}.Release|x64.ActiveCfg = Release|Any CPU
		{C595393D-3216-49C5-B4DC-9C30F07DD3F7}.Release|x64.Build.0 = Release|Any CPU
		{C595393D-3216-49C5-B4DC-9C30F07DD3F7}.Release|x86.ActiveCfg = Release|Any CPU
		{C595393D-3216-49C5-B4DC-9C30F07DD3F7}.Release|x86.Build.0 = Release|Any CPU
		{BE48E7BB-8963-4026-8345-57A3E4E9F6FC}.Debug|Any CPU.ActiveCfg = Debug|Any CPU
		{BE48E7BB-8963-4026-8345-57A3E4E9F6FC}.Debug|Any CPU.Build.0 = Debug|Any CPU
		{BE48E7BB-8963-4026-8345-57A3E4E9F6FC}.Debug|x64.ActiveCfg = Debug|Any CPU
		{BE48E7BB-8963-4026-8345-57A3E4E9F6FC}.Debug|x64.Build.0 = Debug|Any CPU
		{BE48E7BB-8963-4026-8345-57A3E4E9F6FC}.Debug|x86.ActiveCfg = Debug|Any CPU
		{BE48E7BB-8963-4026-8345-57A3E4E9F6FC}.Debug|x86.Build.0 = Debug|Any CPU
		{BE48E7BB-8963-4026-8345-57A3E4E9F6FC}.Release|Any CPU.ActiveCfg = Release|Any CPU
		{BE48E7BB-8963-4026-8345-57A3E4E9F6FC}.Release|Any CPU.Build.0 = Release|Any CPU
		{BE48E7BB-8963-4026-8345-57A3E4E9F6FC}.Release|x64.ActiveCfg = Release|Any CPU
		{BE48E7BB-8963-4026-8345-57A3E4E9F6FC}.Release|x64.Build.0 = Release|Any CPU
		{BE48E7BB-8963-4026-8345-57A3E4E9F6FC}.Release|x86.ActiveCfg = Release|Any CPU
		{BE48E7BB-8963-4026-8345-57A3E4E9F6FC}.Release|x86.Build.0 = Release|Any CPU
		{E4C88A11-DB0C-483E-B413-EBC063D1461E}.Debug|Any CPU.ActiveCfg = Debug|Any CPU
		{E4C88A11-DB0C-483E-B413-EBC063D1461E}.Debug|Any CPU.Build.0 = Debug|Any CPU
		{E4C88A11-DB0C-483E-B413-EBC063D1461E}.Debug|x64.ActiveCfg = Debug|Any CPU
		{E4C88A11-DB0C-483E-B413-EBC063D1461E}.Debug|x64.Build.0 = Debug|Any CPU
		{E4C88A11-DB0C-483E-B413-EBC063D1461E}.Debug|x86.ActiveCfg = Debug|Any CPU
		{E4C88A11-DB0C-483E-B413-EBC063D1461E}.Debug|x86.Build.0 = Debug|Any CPU
		{E4C88A11-DB0C-483E-B413-EBC063D1461E}.Release|Any CPU.ActiveCfg = Release|Any CPU
		{E4C88A11-DB0C-483E-B413-EBC063D1461E}.Release|Any CPU.Build.0 = Release|Any CPU
		{E4C88A11-DB0C-483E-B413-EBC063D1461E}.Release|x64.ActiveCfg = Release|Any CPU
		{E4C88A11-DB0C-483E-B413-EBC063D1461E}.Release|x64.Build.0 = Release|Any CPU
		{E4C88A11-DB0C-483E-B413-EBC063D1461E}.Release|x86.ActiveCfg = Release|Any CPU
		{E4C88A11-DB0C-483E-B413-EBC063D1461E}.Release|x86.Build.0 = Release|Any CPU
		{4BB73526-0A3D-4178-ADFB-BC548481BA39}.Debug|Any CPU.ActiveCfg = Debug|Any CPU
		{4BB73526-0A3D-4178-ADFB-BC548481BA39}.Debug|Any CPU.Build.0 = Debug|Any CPU
		{4BB73526-0A3D-4178-ADFB-BC548481BA39}.Debug|x64.ActiveCfg = Debug|Any CPU
		{4BB73526-0A3D-4178-ADFB-BC548481BA39}.Debug|x64.Build.0 = Debug|Any CPU
		{4BB73526-0A3D-4178-ADFB-BC548481BA39}.Debug|x86.ActiveCfg = Debug|Any CPU
		{4BB73526-0A3D-4178-ADFB-BC548481BA39}.Debug|x86.Build.0 = Debug|Any CPU
		{4BB73526-0A3D-4178-ADFB-BC548481BA39}.Release|Any CPU.ActiveCfg = Release|Any CPU
		{4BB73526-0A3D-4178-ADFB-BC548481BA39}.Release|Any CPU.Build.0 = Release|Any CPU
		{4BB73526-0A3D-4178-ADFB-BC548481BA39}.Release|x64.ActiveCfg = Release|Any CPU
		{4BB73526-0A3D-4178-ADFB-BC548481BA39}.Release|x64.Build.0 = Release|Any CPU
		{4BB73526-0A3D-4178-ADFB-BC548481BA39}.Release|x86.ActiveCfg = Release|Any CPU
		{4BB73526-0A3D-4178-ADFB-BC548481BA39}.Release|x86.Build.0 = Release|Any CPU
	EndGlobalSection
	GlobalSection(SolutionProperties) = preSolution
		HideSolutionNode = FALSE
	EndGlobalSection
	GlobalSection(NestedProjects) = preSolution
		{EDF0E48E-9F55-45A2-885A-26BA942B8D11} = {158EAD96-AA7D-3E83-3B1C-9082B42BE045}
		{C595393D-3216-49C5-B4DC-9C30F07DD3F7} = {6E43DA31-17B4-3723-0A39-7625B9674A06}
		{BE48E7BB-8963-4026-8345-57A3E4E9F6FC} = {D811D6FF-1FE5-AB4E-9D44-0EA0CFE198F7}
		{E4C88A11-DB0C-483E-B413-EBC063D1461E} = {102AB35D-1049-FEF3-EB91-478B400F09A6}
		{4BB73526-0A3D-4178-ADFB-BC548481BA39} = {28251423-8E50-9DF4-F913-DC1FAAA673F1}
	EndGlobalSection
EndGlobal
